
Microsoft Visual Studio Solution File, Format Version 12.00
# Visual Studio Version 16
VisualStudioVersion = 16.0.31911.196
MinimumVisualStudioVersion = 10.0.40219.1
Project("{FAE04EC0-301F-11D3-BF4B-00C04F79EFBC}") = "01. Easter", "01. Easter\01. Easter.csproj", "{19F633BF-CE9B-4BFB-AAD2-F20B2926ECC9}"
EndProject
Global
	GlobalSection(SolutionConfigurationPlatforms) = preSolution
		Debug|Any CPU = Debug|Any CPU
		Release|Any CPU = Release|Any CPU
	EndGlobalSection
	GlobalSection(ProjectConfigurationPlatforms) = postSolution
		{19F633BF-CE9B-4BFB-AAD2-F20B2926ECC9}.Debug|Any CPU.ActiveCfg = Debug|Any CPU
		{19F633BF-CE9B-4BFB-AAD2-F20B2926ECC9}.Debug|Any CPU.Build.0 = Debug|Any CPU
		{19F633BF-CE9B-4BFB-AAD2-F20B2926ECC9}.Release|Any CPU.ActiveCfg = Release|Any CPU
		{19F633BF-CE9B-4BFB-AAD2-F20B2926ECC9}.Release|Any CPU.Build.0 = Release|Any CPU
	EndGlobalSection
	GlobalSection(SolutionProperties) = preSolution
		HideSolutionNode = FALSE
	EndGlobalSection
	GlobalSection(ExtensibilityGlobals) = postSolution
		SolutionGuid = {878B7902-F5BC-44F9-9B3D-82E352AA76ED}
	EndGlobalSection
EndGlobal
