
Microsoft Visual Studio Solution File, Format Version 12.00
# Visual Studio Version 16
VisualStudioVersion = 16.0.31911.196
MinimumVisualStudioVersion = 10.0.40219.1
Project("{FAE04EC0-301F-11D3-BF4B-00C04F79EFBC}") = "02. Shopping List", "02. Shopping List\02. Shopping List.csproj", "{7FE4E180-9CCF-4094-A4C4-D1E3B48A813D}"
EndProject
Global
	GlobalSection(SolutionConfigurationPlatforms) = preSolution
		Debug|Any CPU = Debug|Any CPU
		Release|Any CPU = Release|Any CPU
	EndGlobalSection
	GlobalSection(ProjectConfigurationPlatforms) = postSolution
		{7FE4E180-9CCF-4094-A4C4-D1E3B48A813D}.Debug|Any CPU.ActiveCfg = Debug|Any CPU
		{7FE4E180-9CCF-4094-A4C4-D1E3B48A813D}.Debug|Any CPU.Build.0 = Debug|Any CPU
		{7FE4E180-9CCF-4094-A4C4-D1E3B48A813D}.Release|Any CPU.ActiveCfg = Release|Any CPU
		{7FE4E180-9CCF-4094-A4C4-D1E3B48A813D}.Release|Any CPU.Build.0 = Release|Any CPU
	EndGlobalSection
	GlobalSection(SolutionProperties) = preSolution
		HideSolutionNode = FALSE
	EndGlobalSection
	GlobalSection(ExtensibilityGlobals) = postSolution
		SolutionGuid = {591EA345-48D3-4AA7-B455-8C865E0059D7}
	EndGlobalSection
EndGlobal
