
Microsoft Visual Studio Solution File, Format Version 12.00
# Visual Studio Version 16
VisualStudioVersion = 16.0.31911.196
MinimumVisualStudioVersion = 10.0.40219.1
Project("{FAE04EC0-301F-11D3-BF4B-00C04F79EFBC}") = "03. Concert", "03. Concert\03. Concert.csproj", "{255ED4F1-7ECE-40B2-AD25-7655BED312E5}"
EndProject
Global
	GlobalSection(SolutionConfigurationPlatforms) = preSolution
		Debug|Any CPU = Debug|Any CPU
		Release|Any CPU = Release|Any CPU
	EndGlobalSection
	GlobalSection(ProjectConfigurationPlatforms) = postSolution
		{255ED4F1-7ECE-40B2-AD25-7655BED312E5}.Debug|Any CPU.ActiveCfg = Debug|Any CPU
		{255ED4F1-7ECE-40B2-AD25-7655BED312E5}.Debug|Any CPU.Build.0 = Debug|Any CPU
		{255ED4F1-7ECE-40B2-AD25-7655BED312E5}.Release|Any CPU.ActiveCfg = Release|Any CPU
		{255ED4F1-7ECE-40B2-AD25-7655BED312E5}.Release|Any CPU.Build.0 = Release|Any CPU
	EndGlobalSection
	GlobalSection(SolutionProperties) = preSolution
		HideSolutionNode = FALSE
	EndGlobalSection
	GlobalSection(ExtensibilityGlobals) = postSolution
		SolutionGuid = {85C2C352-819C-45B4-8D8F-93C0373485CD}
	EndGlobalSection
EndGlobal
